github.com/Aereum/aereum/core/message v0.0.0-20210928201118-4166544ace3c h1:GtGdGrVQC7KVMJIHhX9/mCJI5rvjKMZDf63pdzxOGf4=
github.com/Aereum/aereum/core/message v0.0.0-20210928201118-4166544ace3c/go.mod h1:ZXO0BC2fzDjYEsNQnk2bLGx3agW7QSSqup0OS6KRs/Y=
github.com/Aereum/aereum/core/message v0.0.0-20210928220132-bc28934bc0dc h1:4fk4p0l3N1mHWQNpEDdujKPtIkL6Dr/a1Vc45o6PC0Q=
github.com/Aereum/aereum/core/message v0.0.0-20210928220132-bc28934bc0dc/go.mod h1:ZXO0BC2fzDjYEsNQnk2bLGx3agW7QSSqup0OS6KRs/Y=
